
Microsoft Visual Studio Solution File, Format Version 12.00
# Visual Studio Version 17
VisualStudioVersion = 17.8.34330.188
MinimumVisualStudioVersion = 10.0.40219.1
Project("{FAE04EC0-301F-11D3-BF4B-00C04F79EFBC}") = "BTL_BaoDienTu", "BTL_BaoDienTu\BTL_BaoDienTu.csproj", "{518EFD14-EC11-48C4-87C3-CC332AF4E380}"
EndProject
Global
	GlobalSection(SolutionConfigurationPlatforms) = preSolution
		Debug|Any CPU = Debug|Any CPU
		Release|Any CPU = Release|Any CPU
	EndGlobalSection
	GlobalSection(ProjectConfigurationPlatforms) = postSolution
		{518EFD14-EC11-48C4-87C3-CC332AF4E380}.Debug|Any CPU.ActiveCfg = Debug|Any CPU
		{518EFD14-EC11-48C4-87C3-CC332AF4E380}.Debug|Any CPU.Build.0 = Debug|Any CPU
		{518EFD14-EC11-48C4-87C3-CC332AF4E380}.Release|Any CPU.ActiveCfg = Release|Any CPU
		{518EFD14-EC11-48C4-87C3-CC332AF4E380}.Release|Any CPU.Build.0 = Release|Any CPU
	EndGlobalSection
	GlobalSection(SolutionProperties) = preSolution
		HideSolutionNode = FALSE
	EndGlobalSection
	GlobalSection(ExtensibilityGlobals) = postSolution
		SolutionGuid = {A9FB42C1-DA34-4BAA-896F-B0E27A5D0904}
	EndGlobalSection
EndGlobal
